
Microsoft Visual Studio Solution File, Format Version 12.00
# Visual Studio 15
VisualStudioVersion = 15.0.28307.168
MinimumVisualStudioVersion = 10.0.40219.1
Project("{FAE04EC0-301F-11D3-BF4B-00C04F79EFBC}") = "SignalRWebPack", "SignalRWebPack\SignalRWebPack.csproj", "{08DB5719-7BCA-43C5-BEC0-9C417230D7E5}"
EndProject
Global
	GlobalSection(SolutionConfigurationPlatforms) = preSolution
		Debug|Any CPU = Debug|Any CPU
		Release|Any CPU = Release|Any CPU
	EndGlobalSection
	GlobalSection(ProjectConfigurationPlatforms) = postSolution
		{08DB5719-7BCA-43C5-BEC0-9C417230D7E5}.Debug|Any CPU.ActiveCfg = Debug|Any CPU
		{08DB5719-7BCA-43C5-BEC0-9C417230D7E5}.Debug|Any CPU.Build.0 = Debug|Any CPU
		{08DB5719-7BCA-43C5-BEC0-9C417230D7E5}.Release|Any CPU.ActiveCfg = Release|Any CPU
		{08DB5719-7BCA-43C5-BEC0-9C417230D7E5}.Release|Any CPU.Build.0 = Release|Any CPU
	EndGlobalSection
	GlobalSection(SolutionProperties) = preSolution
		HideSolutionNode = FALSE
	EndGlobalSection
	GlobalSection(ExtensibilityGlobals) = postSolution
		SolutionGuid = {7FAC1483-6831-4A62-A929-F239D54C1272}
	EndGlobalSection
EndGlobal
